
Microsoft Visual Studio Solution File, Format Version 12.00
# Visual Studio Version 16
VisualStudioVersion = 16.0.29503.13
MinimumVisualStudioVersion = 10.0.40219.1
Project("{FAE04EC0-301F-11D3-BF4B-00C04F79EFBC}") = "P03_SalesDatabase", "P03_SalesDatabase\P03_SalesDatabase.csproj", "{283E359B-26AE-4C8B-9E3C-995BD8AE5890}"
EndProject
Global
	GlobalSection(SolutionConfigurationPlatforms) = preSolution
		Debug|Any CPU = Debug|Any CPU
		Release|Any CPU = Release|Any CPU
	EndGlobalSection
	GlobalSection(ProjectConfigurationPlatforms) = postSolution
		{283E359B-26AE-4C8B-9E3C-995BD8AE5890}.Debug|Any CPU.ActiveCfg = Debug|Any CPU
		{283E359B-26AE-4C8B-9E3C-995BD8AE5890}.Debug|Any CPU.Build.0 = Debug|Any CPU
		{283E359B-26AE-4C8B-9E3C-995BD8AE5890}.Release|Any CPU.ActiveCfg = Release|Any CPU
		{283E359B-26AE-4C8B-9E3C-995BD8AE5890}.Release|Any CPU.Build.0 = Release|Any CPU
	EndGlobalSection
	GlobalSection(SolutionProperties) = preSolution
		HideSolutionNode = FALSE
	EndGlobalSection
	GlobalSection(ExtensibilityGlobals) = postSolution
		SolutionGuid = {A7D85395-9B26-460F-B239-A65F9D1D4224}
	EndGlobalSection
EndGlobal
