
Microsoft Visual Studio Solution File, Format Version 12.00
# Visual Studio Version 16
VisualStudioVersion = 16.0.29503.13
MinimumVisualStudioVersion = 10.0.40219.1
Project("{FAE04EC0-301F-11D3-BF4B-00C04F79EFBC}") = "MyCoolCarSystem", "MyCoolCarSystem\MyCoolCarSystem.csproj", "{53ECE85C-82A3-4035-B0B4-07CBFC15AA57}"
EndProject
Global
	GlobalSection(SolutionConfigurationPlatforms) = preSolution
		Debug|Any CPU = Debug|Any CPU
		Release|Any CPU = Release|Any CPU
	EndGlobalSection
	GlobalSection(ProjectConfigurationPlatforms) = postSolution
		{53ECE85C-82A3-4035-B0B4-07CBFC15AA57}.Debug|Any CPU.ActiveCfg = Debug|Any CPU
		{53ECE85C-82A3-4035-B0B4-07CBFC15AA57}.Debug|Any CPU.Build.0 = Debug|Any CPU
		{53ECE85C-82A3-4035-B0B4-07CBFC15AA57}.Release|Any CPU.ActiveCfg = Release|Any CPU
		{53ECE85C-82A3-4035-B0B4-07CBFC15AA57}.Release|Any CPU.Build.0 = Release|Any CPU
	EndGlobalSection
	GlobalSection(SolutionProperties) = preSolution
		HideSolutionNode = FALSE
	EndGlobalSection
	GlobalSection(ExtensibilityGlobals) = postSolution
		SolutionGuid = {E06B7AA9-FA3B-4586-BC5C-0EDAFEF22415}
	EndGlobalSection
EndGlobal
