
Microsoft Visual Studio Solution File, Format Version 12.00
# Visual Studio Version 16
VisualStudioVersion = 16.0.29503.13
MinimumVisualStudioVersion = 10.0.40219.1
Project("{FAE04EC0-301F-11D3-BF4B-00C04F79EFBC}") = "P03_FootballBetting", "P03_FootballBetting\P03_FootballBetting.csproj", "{CE0B99BB-CABE-4283-A291-1B5918175577}"
EndProject
Project("{FAE04EC0-301F-11D3-BF4B-00C04F79EFBC}") = "P03_FootballBetting.Data.Models", "P03_FootballBetting.Data.Models\P03_FootballBetting.Data.Models.csproj", "{2F7A2CAE-E017-4907-A268-5D52A9F98663}"
EndProject
Project("{FAE04EC0-301F-11D3-BF4B-00C04F79EFBC}") = "P03_FootballBetting.Data", "P03_FootballBetting.Data\P03_FootballBetting.Data.csproj", "{4AB61EAA-105E-4800-A42F-E621E89030A8}"
EndProject
Global
	GlobalSection(SolutionConfigurationPlatforms) = preSolution
		Debug|Any CPU = Debug|Any CPU
		Release|Any CPU = Release|Any CPU
	EndGlobalSection
	GlobalSection(ProjectConfigurationPlatforms) = postSolution
		{CE0B99BB-CABE-4283-A291-1B5918175577}.Debug|Any CPU.ActiveCfg = Debug|Any CPU
		{CE0B99BB-CABE-4283-A291-1B5918175577}.Debug|Any CPU.Build.0 = Debug|Any CPU
		{CE0B99BB-CABE-4283-A291-1B5918175577}.Release|Any CPU.ActiveCfg = Release|Any CPU
		{CE0B99BB-CABE-4283-A291-1B5918175577}.Release|Any CPU.Build.0 = Release|Any CPU
		{2F7A2CAE-E017-4907-A268-5D52A9F98663}.Debug|Any CPU.ActiveCfg = Debug|Any CPU
		{2F7A2CAE-E017-4907-A268-5D52A9F98663}.Debug|Any CPU.Build.0 = Debug|Any CPU
		{2F7A2CAE-E017-4907-A268-5D52A9F98663}.Release|Any CPU.ActiveCfg = Release|Any CPU
		{2F7A2CAE-E017-4907-A268-5D52A9F98663}.Release|Any CPU.Build.0 = Release|Any CPU
		{4AB61EAA-105E-4800-A42F-E621E89030A8}.Debug|Any CPU.ActiveCfg = Debug|Any CPU
		{4AB61EAA-105E-4800-A42F-E621E89030A8}.Debug|Any CPU.Build.0 = Debug|Any CPU
		{4AB61EAA-105E-4800-A42F-E621E89030A8}.Release|Any CPU.ActiveCfg = Release|Any CPU
		{4AB61EAA-105E-4800-A42F-E621E89030A8}.Release|Any CPU.Build.0 = Release|Any CPU
	EndGlobalSection
	GlobalSection(SolutionProperties) = preSolution
		HideSolutionNode = FALSE
	EndGlobalSection
	GlobalSection(ExtensibilityGlobals) = postSolution
		SolutionGuid = {5D096ED9-1D35-4C58-BB36-57B318CC6EF7}
	EndGlobalSection
EndGlobal
